// !$*UTF8*$!
{
	archiveVersion = 1;
	classes = {
	};
	objectVersion = 46;
	objects = {

/* Begin PBXBuildFile section */
		5E5F49591A790B0D002A5ECA /* Foundation.framework in Frameworks */ = {isa = PBXBuildFile; fileRef = 5E5F49581A790B0D002A5ECA /* Foundation.framework */; };
		5E6450D31A94E9FD00456E5A /* 1424295596_ic_arrow_back_48px-128.png in Resources */ = {isa = PBXBuildFile; fileRef = 5E6450D21A94E9FD00456E5A /* 1424295596_ic_arrow_back_48px-128.png */; };
		5E6A58791A76AE3F00405C0E /* main.m in Sources */ = {isa = PBXBuildFile; fileRef = 5E6A58781A76AE3F00405C0E /* main.m */; };
		5E6A587C1A76AE3F00405C0E /* AppDelegate.m in Sources */ = {isa = PBXBuildFile; fileRef = 5E6A587B1A76AE3F00405C0E /* AppDelegate.m */; };
		5E6A587F1A76AE3F00405C0E /* Story.xcdatamodeld in Sources */ = {isa = PBXBuildFile; fileRef = 5E6A587D1A76AE3F00405C0E /* Story.xcdatamodeld */; };
		5E6A58821A76AE3F00405C0E /* ViewController.m in Sources */ = {isa = PBXBuildFile; fileRef = 5E6A58811A76AE3F00405C0E /* ViewController.m */; };
		5E6A58871A76AE3F00405C0E /* Images.xcassets in Resources */ = {isa = PBXBuildFile; fileRef = 5E6A58861A76AE3F00405C0E /* Images.xcassets */; };
		5E6A588A1A76AE3F00405C0E /* LaunchScreen.xib in Resources */ = {isa = PBXBuildFile; fileRef = 5E6A58881A76AE3F00405C0E /* LaunchScreen.xib */; };
		5E6A58961A76AE3F00405C0E /* StoryTests.m in Sources */ = {isa = PBXBuildFile; fileRef = 5E6A58951A76AE3F00405C0E /* StoryTests.m */; };
		5E6A58A11A76AE8200405C0E /* GameKit.framework in Frameworks */ = {isa = PBXBuildFile; fileRef = 5E6A58A01A76AE8200405C0E /* GameKit.framework */; };
		5E6A58A31A76AE8C00405C0E /* CoreGraphics.framework in Frameworks */ = {isa = PBXBuildFile; fileRef = 5E6A58A21A76AE8C00405C0E /* CoreGraphics.framework */; };
		5E6A58A51A76AE9100405C0E /* UIKit.framework in Frameworks */ = {isa = PBXBuildFile; fileRef = 5E6A58A41A76AE9100405C0E /* UIKit.framework */; };
		5E6A58AC1A76B14000405C0E /* GameViewController.m in Sources */ = {isa = PBXBuildFile; fileRef = 5E6A58AB1A76B14000405C0E /* GameViewController.m */; };
		5E6A58AF1A76B79000405C0E /* GameKitHelper.m in Sources */ = {isa = PBXBuildFile; fileRef = 5E6A58AE1A76B79000405C0E /* GameKitHelper.m */; };
		5E6D72ED1A97A36F00518F8D /* MoreMenuViewController.m in Sources */ = {isa = PBXBuildFile; fileRef = 5E6D72EC1A97A36F00518F8D /* MoreMenuViewController.m */; };
		5E6FE6E41A77B42B00FF8EFF /* GameNavigationController.m in Sources */ = {isa = PBXBuildFile; fileRef = 5E6FE6E31A77B42B00FF8EFF /* GameNavigationController.m */; };
		5E852D0E1A8F99EB0009CEDB /* Main.storyboard in Resources */ = {isa = PBXBuildFile; fileRef = 5E852D0C1A8F99EB0009CEDB /* Main.storyboard */; };
		5E9CA5F91A8E5BA700A6CF64 /* 1423865955_519691-199_CircledPlus-128.png in Resources */ = {isa = PBXBuildFile; fileRef = 5E9CA5F81A8E5BA700A6CF64 /* 1423865955_519691-199_CircledPlus-128.png */; };
		5EA221341A98D44100B17DE5 /* AboutViewController.m in Sources */ = {isa = PBXBuildFile; fileRef = 5EA221331A98D44100B17DE5 /* AboutViewController.m */; };
/* End PBXBuildFile section */

/* Begin PBXContainerItemProxy section */
		5E6A58901A76AE3F00405C0E /* PBXContainerItemProxy */ = {
			isa = PBXContainerItemProxy;
			containerPortal = 5E6A586B1A76AE3F00405C0E /* Project object */;
			proxyType = 1;
			remoteGlobalIDString = 5E6A58721A76AE3F00405C0E;
			remoteInfo = Story;
		};
/* End PBXContainerItemProxy section */

/* Begin PBXFileReference section */
		5E5F49581A790B0D002A5ECA /* Foundation.framework */ = {isa = PBXFileReference; lastKnownFileType = wrapper.framework; name = Foundation.framework; path = System/Library/Frameworks/Foundation.framework; sourceTree = SDKROOT; };
		5E6450D21A94E9FD00456E5A /* 1424295596_ic_arrow_back_48px-128.png */ = {isa = PBXFileReference; lastKnownFileType = image.png; path = "1424295596_ic_arrow_back_48px-128.png"; sourceTree = "<group>"; };
		5E6A58731A76AE3F00405C0E /* Story.app */ = {isa = PBXFileReference; explicitFileType = wrapper.application; includeInIndex = 0; path = Story.app; sourceTree = BUILT_PRODUCTS_DIR; };
		5E6A58771A76AE3F00405C0E /* Info.plist */ = {isa = PBXFileReference; lastKnownFileType = text.plist.xml; path = Info.plist; sourceTree = "<group>"; };
		5E6A58781A76AE3F00405C0E /* main.m */ = {isa = PBXFileReference; lastKnownFileType = sourcecode.c.objc; path = main.m; sourceTree = "<group>"; };
		5E6A587A1A76AE3F00405C0E /* AppDelegate.h */ = {isa = PBXFileReference; lastKnownFileType = sourcecode.c.h; path = AppDelegate.h; sourceTree = "<group>"; };
		5E6A587B1A76AE3F00405C0E /* AppDelegate.m */ = {isa = PBXFileReference; lastKnownFileType = sourcecode.c.objc; path = AppDelegate.m; sourceTree = "<group>"; };
		5E6A587E1A76AE3F00405C0E /* Story.xcdatamodel */ = {isa = PBXFileReference; lastKnownFileType = wrapper.xcdatamodel; path = Story.xcdatamodel; sourceTree = "<group>"; };
		5E6A58801A76AE3F00405C0E /* ViewController.h */ = {isa = PBXFileReference; lastKnownFileType = sourcecode.c.h; path = ViewController.h; sourceTree = "<group>"; };
		5E6A58811A76AE3F00405C0E /* ViewController.m */ = {isa = PBXFileReference; lastKnownFileType = sourcecode.c.objc; path = ViewController.m; sourceTree = "<group>"; };
		5E6A58861A76AE3F00405C0E /* Images.xcassets */ = {isa = PBXFileReference; lastKnownFileType = folder.assetcatalog; path = Images.xcassets; sourceTree = "<group>"; };
		5E6A58891A76AE3F00405C0E /* Base */ = {isa = PBXFileReference; lastKnownFileType = file.xib; name = Base; path = Base.lproj/LaunchScreen.xib; sourceTree = "<group>"; };
		5E6A588F1A76AE3F00405C0E /* StoryTests.xctest */ = {isa = PBXFileReference; explicitFileType = wrapper.cfbundle; includeInIndex = 0; path = StoryTests.xctest; sourceTree = BUILT_PRODUCTS_DIR; };
		5E6A58941A76AE3F00405C0E /* Info.plist */ = {isa = PBXFileReference; lastKnownFileType = text.plist.xml; path = Info.plist; sourceTree = "<group>"; };
		5E6A58951A76AE3F00405C0E /* StoryTests.m */ = {isa = PBXFileReference; lastKnownFileType = sourcecode.c.objc; path = StoryTests.m; sourceTree = "<group>"; };
		5E6A58A01A76AE8200405C0E /* GameKit.framework */ = {isa = PBXFileReference; lastKnownFileType = wrapper.framework; name = GameKit.framework; path = System/Library/Frameworks/GameKit.framework; sourceTree = SDKROOT; };
		5E6A58A21A76AE8C00405C0E /* CoreGraphics.framework */ = {isa = PBXFileReference; lastKnownFileType = wrapper.framework; name = CoreGraphics.framework; path = System/Library/Frameworks/CoreGraphics.framework; sourceTree = SDKROOT; };
		5E6A58A41A76AE9100405C0E /* UIKit.framework */ = {isa = PBXFileReference; lastKnownFileType = wrapper.framework; name = UIKit.framework; path = System/Library/Frameworks/UIKit.framework; sourceTree = SDKROOT; };
		5E6A58AA1A76B14000405C0E /* GameViewController.h */ = {isa = PBXFileReference; fileEncoding = 4; lastKnownFileType = sourcecode.c.h; path = GameViewController.h; sourceTree = "<group>"; };
		5E6A58AB1A76B14000405C0E /* GameViewController.m */ = {isa = PBXFileReference; fileEncoding = 4; lastKnownFileType = sourcecode.c.objc; path = GameViewController.m; sourceTree = "<group>"; };
		5E6A58AD1A76B79000405C0E /* GameKitHelper.h */ = {isa = PBXFileReference; fileEncoding = 4; lastKnownFileType = sourcecode.c.h; path = GameKitHelper.h; sourceTree = "<group>"; };
		5E6A58AE1A76B79000405C0E /* GameKitHelper.m */ = {isa = PBXFileReference; fileEncoding = 4; lastKnownFileType = sourcecode.c.objc; path = GameKitHelper.m; sourceTree = "<group>"; };
		5E6D72EB1A97A36F00518F8D /* MoreMenuViewController.h */ = {isa = PBXFileReference; fileEncoding = 4; lastKnownFileType = sourcecode.c.h; name = MoreMenuViewController.h; path = ../MoreMenuViewController.h; sourceTree = "<group>"; };
		5E6D72EC1A97A36F00518F8D /* MoreMenuViewController.m */ = {isa = PBXFileReference; fileEncoding = 4; lastKnownFileType = sourcecode.c.objc; name = MoreMenuViewController.m; path = ../MoreMenuViewController.m; sourceTree = "<group>"; };
		5E6FE6E21A77B42B00FF8EFF /* GameNavigationController.h */ = {isa = PBXFileReference; fileEncoding = 4; lastKnownFileType = sourcecode.c.h; path = GameNavigationController.h; sourceTree = "<group>"; };
		5E6FE6E31A77B42B00FF8EFF /* GameNavigationController.m */ = {isa = PBXFileReference; fileEncoding = 4; lastKnownFileType = sourcecode.c.objc; path = GameNavigationController.m; sourceTree = "<group>"; };
		5E852D0D1A8F99EB0009CEDB /* Base */ = {isa = PBXFileReference; lastKnownFileType = file.storyboard; name = Base; path = Base.lproj/Main.storyboard; sourceTree = "<group>"; };
		5E9CA5F81A8E5BA700A6CF64 /* 1423865955_519691-199_CircledPlus-128.png */ = {isa = PBXFileReference; lastKnownFileType = image.png; path = "1423865955_519691-199_CircledPlus-128.png"; sourceTree = "<group>"; };
		5EA221321A98D44100B17DE5 /* AboutViewController.h */ = {isa = PBXFileReference; fileEncoding = 4; lastKnownFileType = sourcecode.c.h; path = AboutViewController.h; sourceTree = "<group>"; };
		5EA221331A98D44100B17DE5 /* AboutViewController.m */ = {isa = PBXFileReference; fileEncoding = 4; lastKnownFileType = sourcecode.c.objc; path = AboutViewController.m; sourceTree = "<group>"; };
/* End PBXFileReference section */

/* Begin PBXFrameworksBuildPhase section */
		5E6A58701A76AE3F00405C0E /* Frameworks */ = {
			isa = PBXFrameworksBuildPhase;
			buildActionMask = 2147483647;
			files = (
				5E5F49591A790B0D002A5ECA /* Foundation.framework in Frameworks */,
				5E6A58A51A76AE9100405C0E /* UIKit.framework in Frameworks */,
				5E6A58A31A76AE8C00405C0E /* CoreGraphics.framework in Frameworks */,
				5E6A58A11A76AE8200405C0E /* GameKit.framework in Frameworks */,
			);
			runOnlyForDeploymentPostprocessing = 0;
		};
		5E6A588C1A76AE3F00405C0E /* Frameworks */ = {
			isa = PBXFrameworksBuildPhase;
			buildActionMask = 2147483647;
			files = (
			);
			runOnlyForDeploymentPostprocessing = 0;
		};
/* End PBXFrameworksBuildPhase section */

/* Begin PBXGroup section */
		5E6A586A1A76AE3F00405C0E = {
			isa = PBXGroup;
			children = (
				5E6A58751A76AE3F00405C0E /* Story */,
				5E6A58921A76AE3F00405C0E /* StoryTests */,
				5E6A58741A76AE3F00405C0E /* Products */,
				5E6A589F1A76AE6F00405C0E /* Frameworks */,
			);
			sourceTree = "<group>";
		};
		5E6A58741A76AE3F00405C0E /* Products */ = {
			isa = PBXGroup;
			children = (
				5E6A58731A76AE3F00405C0E /* Story.app */,
				5E6A588F1A76AE3F00405C0E /* StoryTests.xctest */,
			);
			name = Products;
			sourceTree = "<group>";
		};
		5E6A58751A76AE3F00405C0E /* Story */ = {
			isa = PBXGroup;
			children = (
				5E6A587A1A76AE3F00405C0E /* AppDelegate.h */,
				5E6A587B1A76AE3F00405C0E /* AppDelegate.m */,
				5E6A58801A76AE3F00405C0E /* ViewController.h */,
				5E6A58811A76AE3F00405C0E /* ViewController.m */,
				5E852D0C1A8F99EB0009CEDB /* Main.storyboard */,
				5E6A58AD1A76B79000405C0E /* GameKitHelper.h */,
				5E6A58AE1A76B79000405C0E /* GameKitHelper.m */,
				5E6A58AA1A76B14000405C0E /* GameViewController.h */,
				5E6A58AB1A76B14000405C0E /* GameViewController.m */,
				5E6D72EB1A97A36F00518F8D /* MoreMenuViewController.h */,
				5E6D72EC1A97A36F00518F8D /* MoreMenuViewController.m */,
				5EA221321A98D44100B17DE5 /* AboutViewController.h */,
				5EA221331A98D44100B17DE5 /* AboutViewController.m */,
				5E6FE6E21A77B42B00FF8EFF /* GameNavigationController.h */,
				5E6FE6E31A77B42B00FF8EFF /* GameNavigationController.m */,
				5E6A58861A76AE3F00405C0E /* Images.xcassets */,
				5E6A58881A76AE3F00405C0E /* LaunchScreen.xib */,
				5E6A587D1A76AE3F00405C0E /* Story.xcdatamodeld */,
				5E6A58761A76AE3F00405C0E /* Supporting Files */,
			);
			path = Story;
			sourceTree = "<group>";
		};
		5E6A58761A76AE3F00405C0E /* Supporting Files */ = {
			isa = PBXGroup;
			children = (
				5E6450D21A94E9FD00456E5A /* 1424295596_ic_arrow_back_48px-128.png */,
				5E9CA5F81A8E5BA700A6CF64 /* 1423865955_519691-199_CircledPlus-128.png */,
				5E6A58771A76AE3F00405C0E /* Info.plist */,
				5E6A58781A76AE3F00405C0E /* main.m */,
			);
			name = "Supporting Files";
			sourceTree = "<group>";
		};
		5E6A58921A76AE3F00405C0E /* StoryTests */ = {
			isa = PBXGroup;
			children = (
				5E6A58951A76AE3F00405C0E /* StoryTests.m */,
				5E6A58931A76AE3F00405C0E /* Supporting Files */,
			);
			path = StoryTests;
			sourceTree = "<group>";
		};
		5E6A58931A76AE3F00405C0E /* Supporting Files */ = {
			isa = PBXGroup;
			children = (
				5E6A58941A76AE3F00405C0E /* Info.plist */,
			);
			name = "Supporting Files";
			sourceTree = "<group>";
		};
		5E6A589F1A76AE6F00405C0E /* Frameworks */ = {
			isa = PBXGroup;
			children = (
				5E5F49581A790B0D002A5ECA /* Foundation.framework */,
				5E6A58A41A76AE9100405C0E /* UIKit.framework */,
				5E6A58A21A76AE8C00405C0E /* CoreGraphics.framework */,
				5E6A58A01A76AE8200405C0E /* GameKit.framework */,
			);
			name = Frameworks;
			path = Story;
			sourceTree = "<group>";
		};
/* End PBXGroup section */

/* Begin PBXNativeTarget section */
		5E6A58721A76AE3F00405C0E /* Story */ = {
			isa = PBXNativeTarget;
			buildConfigurationList = 5E6A58991A76AE3F00405C0E /* Build configuration list for PBXNativeTarget "Story" */;
			buildPhases = (
				5E6A586F1A76AE3F00405C0E /* Sources */,
				5E6A58701A76AE3F00405C0E /* Frameworks */,
				5E6A58711A76AE3F00405C0E /* Resources */,
			);
			buildRules = (
			);
			dependencies = (
			);
			name = Story;
			productName = Story;
			productReference = 5E6A58731A76AE3F00405C0E /* Story.app */;
			productType = "com.apple.product-type.application";
		};
		5E6A588E1A76AE3F00405C0E /* StoryTests */ = {
			isa = PBXNativeTarget;
			buildConfigurationList = 5E6A589C1A76AE3F00405C0E /* Build configuration list for PBXNativeTarget "StoryTests" */;
			buildPhases = (
				5E6A588B1A76AE3F00405C0E /* Sources */,
				5E6A588C1A76AE3F00405C0E /* Frameworks */,
				5E6A588D1A76AE3F00405C0E /* Resources */,
			);
			buildRules = (
			);
			dependencies = (
				5E6A58911A76AE3F00405C0E /* PBXTargetDependency */,
			);
			name = StoryTests;
			productName = StoryTests;
			productReference = 5E6A588F1A76AE3F00405C0E /* StoryTests.xctest */;
			productType = "com.apple.product-type.bundle.unit-test";
		};
/* End PBXNativeTarget section */

/* Begin PBXProject section */
		5E6A586B1A76AE3F00405C0E /* Project object */ = {
			isa = PBXProject;
			attributes = {
				LastUpgradeCheck = 0610;
				ORGANIZATIONNAME = WolfTechApps;
				TargetAttributes = {
					5E6A58721A76AE3F00405C0E = {
						CreatedOnToolsVersion = 6.1.1;
						DevelopmentTeam = 7RGB38XGJ2;
					};
					5E6A588E1A76AE3F00405C0E = {
						CreatedOnToolsVersion = 6.1.1;
						TestTargetID = 5E6A58721A76AE3F00405C0E;
					};
				};
			};
			buildConfigurationList = 5E6A586E1A76AE3F00405C0E /* Build configuration list for PBXProject "Story" */;
			compatibilityVersion = "Xcode 3.2";
			developmentRegion = English;
			hasScannedForEncodings = 0;
			knownRegions = (
				en,
				Base,
			);
			mainGroup = 5E6A586A1A76AE3F00405C0E;
			productRefGroup = 5E6A58741A76AE3F00405C0E /* Products */;
			projectDirPath = "";
			projectRoot = "";
			targets = (
				5E6A58721A76AE3F00405C0E /* Story */,
				5E6A588E1A76AE3F00405C0E /* StoryTests */,
			);
		};
/* End PBXProject section */

/* Begin PBXResourcesBuildPhase section */
		5E6A58711A76AE3F00405C0E /* Resources */ = {
			isa = PBXResourcesBuildPhase;
			buildActionMask = 2147483647;
			files = (
				5E6A588A1A76AE3F00405C0E /* LaunchScreen.xib in Resources */,
				5E6A58871A76AE3F00405C0E /* Images.xcassets in Resources */,
				5E6450D31A94E9FD00456E5A /* 1424295596_ic_arrow_back_48px-128.png in Resources */,
				5E9CA5F91A8E5BA700A6CF64 /* 1423865955_519691-199_CircledPlus-128.png in Resources */,
				5E852D0E1A8F99EB0009CEDB /* Main.storyboard in Resources */,
			);
			runOnlyForDeploymentPostprocessing = 0;
		};
		5E6A588D1A76AE3F00405C0E /* Resources */ = {
			isa = PBXResourcesBuildPhase;
			buildActionMask = 2147483647;
			files = (
			);
			runOnlyForDeploymentPostprocessing = 0;
		};
/* End PBXResourcesBuildPhase section */

/* Begin PBXSourcesBuildPhase section */
		5E6A586F1A76AE3F00405C0E /* Sources */ = {
			isa = PBXSourcesBuildPhase;
			buildActionMask = 2147483647;
			files = (
				5EA221341A98D44100B17DE5 /* AboutViewController.m in Sources */,
				5E6A58AF1A76B79000405C0E /* GameKitHelper.m in Sources */,
				5E6A58AC1A76B14000405C0E /* GameViewController.m in Sources */,
				5E6D72ED1A97A36F00518F8D /* MoreMenuViewController.m in Sources */,
				5E6FE6E41A77B42B00FF8EFF /* GameNavigationController.m in Sources */,
				5E6A587C1A76AE3F00405C0E /* AppDelegate.m in Sources */,
				5E6A58791A76AE3F00405C0E /* main.m in Sources */,
				5E6A58821A76AE3F00405C0E /* ViewController.m in Sources */,
				5E6A587F1A76AE3F00405C0E /* Story.xcdatamodeld in Sources */,
			);
			runOnlyForDeploymentPostprocessing = 0;
		};
		5E6A588B1A76AE3F00405C0E /* Sources */ = {
			isa = PBXSourcesBuildPhase;
			buildActionMask = 2147483647;
			files = (
				5E6A58961A76AE3F00405C0E /* StoryTests.m in Sources */,
			);
			runOnlyForDeploymentPostprocessing = 0;
		};
/* End PBXSourcesBuildPhase section */

/* Begin PBXTargetDependency section */
		5E6A58911A76AE3F00405C0E /* PBXTargetDependency */ = {
			isa = PBXTargetDependency;
			target = 5E6A58721A76AE3F00405C0E /* Story */;
			targetProxy = 5E6A58901A76AE3F00405C0E /* PBXContainerItemProxy */;
		};
/* End PBXTargetDependency section */

/* Begin PBXVariantGroup section */
		5E6A58881A76AE3F00405C0E /* LaunchScreen.xib */ = {
			isa = PBXVariantGroup;
			children = (
				5E6A58891A76AE3F00405C0E /* Base */,
			);
			name = LaunchScreen.xib;
			sourceTree = "<group>";
		};
		5E852D0C1A8F99EB0009CEDB /* Main.storyboard */ = {
			isa = PBXVariantGroup;
			children = (
				5E852D0D1A8F99EB0009CEDB /* Base */,
			);
			name = Main.storyboard;
			sourceTree = "<group>";
		};
/* End PBXVariantGroup section */

/* Begin XCBuildConfiguration section */
		5E6A58971A76AE3F00405C0E /* Debug */ = {
			isa = XCBuildConfiguration;
			buildSettings = {
				ALWAYS_SEARCH_USER_PATHS = NO;
				CLANG_CXX_LANGUAGE_STANDARD = "gnu++0x";
				CLANG_CXX_LIBRARY = "libc++";
				CLANG_ENABLE_MODULES = YES;
				CLANG_ENABLE_OBJC_ARC = YES;
				CLANG_WARN_BOOL_CONVERSION = YES;
				CLANG_WARN_CONSTANT_CONVERSION = YES;
				CLANG_WARN_DIRECT_OBJC_ISA_USAGE = YES_ERROR;
				CLANG_WARN_EMPTY_BODY = YES;
				CLANG_WARN_ENUM_CONVERSION = YES;
				CLANG_WARN_INT_CONVERSION = YES;
				CLANG_WARN_OBJC_ROOT_CLASS = YES_ERROR;
				CLANG_WARN_UNREACHABLE_CODE = YES;
				CLANG_WARN__DUPLICATE_METHOD_MATCH = YES;
				"CODE_SIGN_IDENTITY[sdk=iphoneos*]" = "iPhone Developer";
				COPY_PHASE_STRIP = NO;
				ENABLE_STRICT_OBJC_MSGSEND = YES;
				GCC_C_LANGUAGE_STANDARD = gnu99;
				GCC_DYNAMIC_NO_PIC = NO;
				GCC_OPTIMIZATION_LEVEL = 0;
				GCC_PREPROCESSOR_DEFINITIONS = (
					"DEBUG=1",
					"$(inherited)",
				);
				GCC_SYMBOLS_PRIVATE_EXTERN = NO;
				GCC_WARN_64_TO_32_BIT_CONVERSION = YES;
				GCC_WARN_ABOUT_RETURN_TYPE = YES_ERROR;
				GCC_WARN_UNDECLARED_SELECTOR = YES;
				GCC_WARN_UNINITIALIZED_AUTOS = YES_AGGRESSIVE;
				GCC_WARN_UNUSED_FUNCTION = YES;
				GCC_WARN_UNUSED_VARIABLE = YES;
				IPHONEOS_DEPLOYMENT_TARGET = 8.1;
				MTL_ENABLE_DEBUG_INFO = YES;
				ONLY_ACTIVE_ARCH = YES;
				SDKROOT = iphoneos;
			};
			name = Debug;
		};
		5E6A58981A76AE3F00405C0E /* Release */ = {
			isa = XCBuildConfiguration;
			buildSettings = {
				ALWAYS_SEARCH_USER_PATHS = NO;
				CLANG_CXX_LANGUAGE_STANDARD = "gnu++0x";
				CLANG_CXX_LIBRARY = "libc++";
				CLANG_ENABLE_MODULES = YES;
				CLANG_ENABLE_OBJC_ARC = YES;
				CLANG_WARN_BOOL_CONVERSION = YES;
				CLANG_WARN_CONSTANT_CONVERSION = YES;
				CLANG_WARN_DIRECT_OBJC_ISA_USAGE = YES_ERROR;
				CLANG_WARN_EMPTY_BODY = YES;
				CLANG_WARN_ENUM_CONVERSION = YES;
				CLANG_WARN_INT_CONVERSION = YES;
				CLANG_WARN_OBJC_ROOT_CLASS = YES_ERROR;
				CLANG_WARN_UNREACHABLE_CODE = YES;
				CLANG_WARN__DUPLICATE_METHOD_MATCH = YES;
				"CODE_SIGN_IDENTITY[sdk=iphoneos*]" = "iPhone Developer";
				COPY_PHASE_STRIP = YES;
				ENABLE_NS_ASSERTIONS = NO;
				ENABLE_STRICT_OBJC_MSGSEND = YES;
				GCC_C_LANGUAGE_STANDARD = gnu99;
				GCC_WARN_64_TO_32_BIT_CONVERSION = YES;
				GCC_WARN_ABOUT_RETURN_TYPE = YES_ERROR;
				GCC_WARN_UNDECLARED_SELECTOR = YES;
				GCC_WARN_UNINITIALIZED_AUTOS = YES_AGGRESSIVE;
				GCC_WARN_UNUSED_FUNCTION = YES;
				GCC_WARN_UNUSED_VARIABLE = YES;
				IPHONEOS_DEPLOYMENT_TARGET = 8.1;
				MTL_ENABLE_DEBUG_INFO = NO;
				SDKROOT = iphoneos;
				VALIDATE_PRODUCT = YES;
			};
			name = Release;
		};
		5E6A589A1A76AE3F00405C0E /* Debug */ = {
			isa = XCBuildConfiguration;
			buildSettings = {
				ASSETCATALOG_COMPILER_APPICON_NAME = AppIcon;
				CODE_SIGN_IDENTITY = "iPhone Developer";
				"CODE_SIGN_IDENTITY[sdk=iphoneos*]" = "iPhone Developer";
				INFOPLIST_FILE = Story/Info.plist;
				IPHONEOS_DEPLOYMENT_TARGET = 8.1;
				LD_RUNPATH_SEARCH_PATHS = "$(inherited) @executable_path/Frameworks";
				PRODUCT_NAME = "$(TARGET_NAME)";
				PROVISIONING_PROFILE = "";
			};
			name = Debug;
		};
		5E6A589B1A76AE3F00405C0E /* Release */ = {
			isa = XCBuildConfiguration;
			buildSettings = {
				ASSETCATALOG_COMPILER_APPICON_NAME = AppIcon;
				CODE_SIGN_IDENTITY = "iPhone Developer";
				"CODE_SIGN_IDENTITY[sdk=iphoneos*]" = "iPhone Developer";
				INFOPLIST_FILE = Story/Info.plist;
				IPHONEOS_DEPLOYMENT_TARGET = 8.1;
				LD_RUNPATH_SEARCH_PATHS = "$(inherited) @executable_path/Frameworks";
				PRODUCT_NAME = "$(TARGET_NAME)";
				PROVISIONING_PROFILE = "";
			};
			name = Release;
		};
		5E6A589D1A76AE3F00405C0E /* Debug */ = {
			isa = XCBuildConfiguration;
			buildSettings = {
				BUNDLE_LOADER = "$(TEST_HOST)";
				FRAMEWORK_SEARCH_PATHS = (
					"$(SDKROOT)/Developer/Library/Frameworks",
					"$(inherited)",
				);
				GCC_PREPROCESSOR_DEFINITIONS = (
					"DEBUG=1",
					"$(inherited)",
				);
				INFOPLIST_FILE = StoryTests/Info.plist;
				LD_RUNPATH_SEARCH_PATHS = "$(inherited) @executable_path/Frameworks @loader_path/Frameworks";
				PRODUCT_NAME = "$(TARGET_NAME)";
				TEST_HOST = "$(BUILT_PRODUCTS_DIR)/Story.app/Story";
			};
			name = Debug;
		};
		5E6A589E1A76AE3F00405C0E /* Release */ = {
			isa = XCBuildConfiguration;
			buildSettings = {
				BUNDLE_LOADER = "$(TEST_HOST)";
				FRAMEWORK_SEARCH_PATHS = (
					"$(SDKROOT)/Developer/Library/Frameworks",
					"$(inherited)",
				);
				INFOPLIST_FILE = StoryTests/Info.plist;
				LD_RUNPATH_SEARCH_PATHS = "$(inherited) @executable_path/Frameworks @loader_path/Frameworks";
				PRODUCT_NAME = "$(TARGET_NAME)";
				TEST_HOST = "$(BUILT_PRODUCTS_DIR)/Story.app/Story";
			};
			name = Release;
		};
/* End XCBuildConfiguration section */

/* Begin XCConfigurationList section */
		5E6A586E1A76AE3F00405C0E /* Build configuration list for PBXProject "Story" */ = {
			isa = XCConfigurationList;
			buildConfigurations = (
				5E6A58971A76AE3F00405C0E /* Debug */,
				5E6A58981A76AE3F00405C0E /* Release */,
			);
			defaultConfigurationIsVisible = 0;
			defaultConfigurationName = Release;
		};
		5E6A58991A76AE3F00405C0E /* Build configuration list for PBXNativeTarget "Story" */ = {
			isa = XCConfigurationList;
			buildConfigurations = (
				5E6A589A1A76AE3F00405C0E /* Debug */,
				5E6A589B1A76AE3F00405C0E /* Release */,
			);
			defaultConfigurationIsVisible = 0;
			defaultConfigurationName = Release;
		};
		5E6A589C1A76AE3F00405C0E /* Build configuration list for PBXNativeTarget "StoryTests" */ = {
			isa = XCConfigurationList;
			buildConfigurations = (
				5E6A589D1A76AE3F00405C0E /* Debug */,
				5E6A589E1A76AE3F00405C0E /* Release */,
			);
			defaultConfigurationIsVisible = 0;
			defaultConfigurationName = Release;
		};
/* End XCConfigurationList section */

/* Begin XCVersionGroup section */
		5E6A587D1A76AE3F00405C0E /* Story.xcdatamodeld */ = {
			isa = XCVersionGroup;
			children = (
				5E6A587E1A76AE3F00405C0E /* Story.xcdatamodel */,
			);
			currentVersion = 5E6A587E1A76AE3F00405C0E /* Story.xcdatamodel */;
			path = Story.xcdatamodeld;
			sourceTree = "<group>";
			versionGroupType = wrapper.xcdatamodel;
		};
/* End XCVersionGroup section */
	};
	rootObject = 5E6A586B1A76AE3F00405C0E /* Project object */;
}
